
Microsoft Visual Studio Solution File, Format Version 12.00
# Visual Studio Version 16
VisualStudioVersion = 16.0.30104.148
MinimumVisualStudioVersion = 10.0.40219.1
Project("{9A19103F-16F7-4668-BE54-9A1E7A4F7556}") = "MicroservicioPersona", "MicroservicioPublicacion\MicroservicioPersona.csproj", "{247B5C66-276B-4480-B78B-49D8CAB2BE00}"
EndProject
Project("{9A19103F-16F7-4668-BE54-9A1E7A4F7556}") = "APLICACION", "APLICACION\APLICACION.csproj", "{7FFFE23C-0229-433B-B8D6-CF29E4398524}"
EndProject
Project("{9A19103F-16F7-4668-BE54-9A1E7A4F7556}") = "DATOS", "DATOS\DATOS.csproj", "{529251FF-4B23-4371-B970-BE046FB81EF7}"
EndProject
Project("{9A19103F-16F7-4668-BE54-9A1E7A4F7556}") = "DOMINIO", "ClassLibrary1\DOMINIO.csproj", "{4642242E-FA5D-4155-A7E5-E5C4DE5E520E}"
EndProject
Global
	GlobalSection(SolutionConfigurationPlatforms) = preSolution
		Debug|Any CPU = Debug|Any CPU
		Release|Any CPU = Release|Any CPU
	EndGlobalSection
	GlobalSection(ProjectConfigurationPlatforms) = postSolution
		{247B5C66-276B-4480-B78B-49D8CAB2BE00}.Debug|Any CPU.ActiveCfg = Debug|Any CPU
		{247B5C66-276B-4480-B78B-49D8CAB2BE00}.Debug|Any CPU.Build.0 = Debug|Any CPU
		{247B5C66-276B-4480-B78B-49D8CAB2BE00}.Release|Any CPU.ActiveCfg = Release|Any CPU
		{247B5C66-276B-4480-B78B-49D8CAB2BE00}.Release|Any CPU.Build.0 = Release|Any CPU
		{7FFFE23C-0229-433B-B8D6-CF29E4398524}.Debug|Any CPU.ActiveCfg = Debug|Any CPU
		{7FFFE23C-0229-433B-B8D6-CF29E4398524}.Debug|Any CPU.Build.0 = Debug|Any CPU
		{7FFFE23C-0229-433B-B8D6-CF29E4398524}.Release|Any CPU.ActiveCfg = Release|Any CPU
		{7FFFE23C-0229-433B-B8D6-CF29E4398524}.Release|Any CPU.Build.0 = Release|Any CPU
		{529251FF-4B23-4371-B970-BE046FB81EF7}.Debug|Any CPU.ActiveCfg = Debug|Any CPU
		{529251FF-4B23-4371-B970-BE046FB81EF7}.Debug|Any CPU.Build.0 = Debug|Any CPU
		{529251FF-4B23-4371-B970-BE046FB81EF7}.Release|Any CPU.ActiveCfg = Release|Any CPU
		{529251FF-4B23-4371-B970-BE046FB81EF7}.Release|Any CPU.Build.0 = Release|Any CPU
		{4642242E-FA5D-4155-A7E5-E5C4DE5E520E}.Debug|Any CPU.ActiveCfg = Debug|Any CPU
		{4642242E-FA5D-4155-A7E5-E5C4DE5E520E}.Debug|Any CPU.Build.0 = Debug|Any CPU
		{4642242E-FA5D-4155-A7E5-E5C4DE5E520E}.Release|Any CPU.ActiveCfg = Release|Any CPU
		{4642242E-FA5D-4155-A7E5-E5C4DE5E520E}.Release|Any CPU.Build.0 = Release|Any CPU
	EndGlobalSection
	GlobalSection(SolutionProperties) = preSolution
		HideSolutionNode = FALSE
	EndGlobalSection
	GlobalSection(ExtensibilityGlobals) = postSolution
		SolutionGuid = {0928A8BD-22CF-4652-81EA-64C9BDD5D7B5}
	EndGlobalSection
EndGlobal
